
Microsoft Visual Studio Solution File, Format Version 12.00
# Visual Studio Version 17
VisualStudioVersion = 17.0.31903.59
MinimumVisualStudioVersion = 10.0.40219.1
Project("{FAE04EC0-301F-11D3-BF4B-00C04F79EFBC}") = "TaskService.Api", "src\TaskService\TaskService.Api\TaskService.Api.csproj", "{31BF0049-3B05-4A9B-AF2B-03D3C554B95B}"
EndProject
Project("{FAE04EC0-301F-11D3-BF4B-00C04F79EFBC}") = "TaskService.Application", "src\TaskService\TaskService.Application\TaskService.Application.csproj", "{13BDD6EF-2A5E-48EB-B1CC-8A2B006222C5}"
EndProject
Project("{FAE04EC0-301F-11D3-BF4B-00C04F79EFBC}") = "TaskService.Domain", "src\TaskService\TaskService.Domain\TaskService.Domain.csproj", "{B1F0C179-B66E-4955-A24B-A08D38080FB5}"
EndProject
Project("{FAE04EC0-301F-11D3-BF4B-00C04F79EFBC}") = "TaskService.Infrastructure", "src\TaskService\TaskService.Infrastructure\TaskService.Infrastructure.csproj", "{59954156-4FBD-493C-95E0-907E5A7CF0EB}"
EndProject
Project("{FAE04EC0-301F-11D3-BF4B-00C04F79EFBC}") = "NotificationService.Api", "src\NotificationService\NotificationService.Api\NotificationService.Api.csproj", "{AE7073EC-B8D5-485C-9D0B-AA753881BA37}"
EndProject
Global
	GlobalSection(SolutionConfigurationPlatforms) = preSolution
		Debug|Any CPU = Debug|Any CPU
		Release|Any CPU = Release|Any CPU
	EndGlobalSection
	GlobalSection(ProjectConfigurationPlatforms) = postSolution
		{31BF0049-3B05-4A9B-AF2B-03D3C554B95B}.Debug|Any CPU.ActiveCfg = Debug|Any CPU
		{31BF0049-3B05-4A9B-AF2B-03D3C554B95B}.Debug|Any CPU.Build.0 = Debug|Any CPU
		{31BF0049-3B05-4A9B-AF2B-03D3C554B95B}.Release|Any CPU.ActiveCfg = Release|Any CPU
		{31BF0049-3B05-4A9B-AF2B-03D3C554B95B}.Release|Any CPU.Build.0 = Release|Any CPU
		{13BDD6EF-2A5E-48EB-B1CC-8A2B006222C5}.Debug|Any CPU.ActiveCfg = Debug|Any CPU
		{13BDD6EF-2A5E-48EB-B1CC-8A2B006222C5}.Debug|Any CPU.Build.0 = Debug|Any CPU
		{13BDD6EF-2A5E-48EB-B1CC-8A2B006222C5}.Release|Any CPU.ActiveCfg = Release|Any CPU
		{13BDD6EF-2A5E-48EB-B1CC-8A2B006222C5}.Release|Any CPU.Build.0 = Release|Any CPU
		{B1F0C179-B66E-4955-A24B-A08D38080FB5}.Debug|Any CPU.ActiveCfg = Debug|Any CPU
		{B1F0C179-B66E-4955-A24B-A08D38080FB5}.Debug|Any CPU.Build.0 = Debug|Any CPU
		{B1F0C179-B66E-4955-A24B-A08D38080FB5}.Release|Any CPU.ActiveCfg = Release|Any CPU
		{B1F0C179-B66E-4955-A24B-A08D38080FB5}.Release|Any CPU.Build.0 = Release|Any CPU
		{59954156-4FBD-493C-95E0-907E5A7CF0EB}.Debug|Any CPU.ActiveCfg = Debug|Any CPU
		{59954156-4FBD-493C-95E0-907E5A7CF0EB}.Debug|Any CPU.Build.0 = Debug|Any CPU
		{59954156-4FBD-493C-95E0-907E5A7CF0EB}.Release|Any CPU.ActiveCfg = Release|Any CPU
		{59954156-4FBD-493C-95E0-907E5A7CF0EB}.Release|Any CPU.Build.0 = Release|Any CPU
		{AE7073EC-B8D5-485C-9D0B-AA753881BA37}.Debug|Any CPU.ActiveCfg = Debug|Any CPU
		{AE7073EC-B8D5-485C-9D0B-AA753881BA37}.Debug|Any CPU.Build.0 = Debug|Any CPU
		{AE7073EC-B8D5-485C-9D0B-AA753881BA37}.Release|Any CPU.ActiveCfg = Release|Any CPU
		{AE7073EC-B8D5-485C-9D0B-AA753881BA37}.Release|Any CPU.Build.0 = Release|Any CPU
	EndGlobalSection
	GlobalSection(SolutionProperties) = preSolution
		HideSolutionNode = FALSE
	EndGlobalSection
	GlobalSection(ExtensibilityGlobals) = postSolution
		SolutionGuid = {1FB239E8-1270-441E-A71F-02FDA7A31927}
	EndGlobalSection
EndGlobal
